
Microsoft Visual Studio Solution File, Format Version 12.00
# Visual Studio Version 17
VisualStudioVersion = 17.2.32505.173
MinimumVisualStudioVersion = 10.0.40219.1
Project("{FAE04EC0-301F-11D3-BF4B-00C04F79EFBC}") = "HonestFighterInitiative", "HonestFighterInitiative\HonestFighterInitiative.csproj", "{F43D2C45-A336-4A5A-A4D0-8EF709564C99}"
EndProject
Global
	GlobalSection(SolutionConfigurationPlatforms) = preSolution
		Debug|Any CPU = Debug|Any CPU
		Release|Any CPU = Release|Any CPU
	EndGlobalSection
	GlobalSection(ProjectConfigurationPlatforms) = postSolution
		{F43D2C45-A336-4A5A-A4D0-8EF709564C99}.Debug|Any CPU.ActiveCfg = Debug|Any CPU
		{F43D2C45-A336-4A5A-A4D0-8EF709564C99}.Debug|Any CPU.Build.0 = Debug|Any CPU
		{F43D2C45-A336-4A5A-A4D0-8EF709564C99}.Release|Any CPU.ActiveCfg = Release|Any CPU
		{F43D2C45-A336-4A5A-A4D0-8EF709564C99}.Release|Any CPU.Build.0 = Release|Any CPU
	EndGlobalSection
	GlobalSection(SolutionProperties) = preSolution
		HideSolutionNode = FALSE
	EndGlobalSection
	GlobalSection(ExtensibilityGlobals) = postSolution
		SolutionGuid = {1CE55444-F240-4303-931B-3CB169109A28}
	EndGlobalSection
EndGlobal
